
Microsoft Visual Studio Solution File, Format Version 12.00
# Visual Studio Version 16
VisualStudioVersion = 16.0.32228.343
MinimumVisualStudioVersion = 10.0.40219.1
Project("{9A19103F-16F7-4668-BE54-9A1E7A4F7556}") = "ShopBridgeAPI", "ShopBridgeAPI\ShopBridgeAPI.csproj", "{249BCDF3-462C-4E69-89E1-C32FFF024CF0}"
EndProject
Project("{9A19103F-16F7-4668-BE54-9A1E7A4F7556}") = "DataAccess", "DataAccess\DataAccess.csproj", "{CAF01479-767C-4482-9044-09E32E8075F8}"
EndProject
Project("{2150E333-8FDC-42A3-9474-1A3956D46DE8}") = "Unit Tests", "Unit Tests", "{357EC6AF-1ABE-4C58-8837-45764863B119}"
EndProject
Project("{FAE04EC0-301F-11D3-BF4B-00C04F79EFBC}") = "DataAccess.Tests", "DataAccess.Tests\DataAccess.Tests.csproj", "{F1C99817-62BD-4F00-906B-C9F207E0501F}"
EndProject
Project("{FAE04EC0-301F-11D3-BF4B-00C04F79EFBC}") = "ShopBridgeAPI.Tests", "ShopBridgeAPI.Tests\ShopBridgeAPI.Tests.csproj", "{4CE0FAAD-41CC-4AF9-B31F-FA27FAEC262D}"
EndProject
Global
	GlobalSection(SolutionConfigurationPlatforms) = preSolution
		Debug|Any CPU = Debug|Any CPU
		Release|Any CPU = Release|Any CPU
	EndGlobalSection
	GlobalSection(ProjectConfigurationPlatforms) = postSolution
		{249BCDF3-462C-4E69-89E1-C32FFF024CF0}.Debug|Any CPU.ActiveCfg = Debug|Any CPU
		{249BCDF3-462C-4E69-89E1-C32FFF024CF0}.Debug|Any CPU.Build.0 = Debug|Any CPU
		{249BCDF3-462C-4E69-89E1-C32FFF024CF0}.Release|Any CPU.ActiveCfg = Release|Any CPU
		{249BCDF3-462C-4E69-89E1-C32FFF024CF0}.Release|Any CPU.Build.0 = Release|Any CPU
		{CAF01479-767C-4482-9044-09E32E8075F8}.Debug|Any CPU.ActiveCfg = Debug|Any CPU
		{CAF01479-767C-4482-9044-09E32E8075F8}.Debug|Any CPU.Build.0 = Debug|Any CPU
		{CAF01479-767C-4482-9044-09E32E8075F8}.Release|Any CPU.ActiveCfg = Release|Any CPU
		{CAF01479-767C-4482-9044-09E32E8075F8}.Release|Any CPU.Build.0 = Release|Any CPU
		{F1C99817-62BD-4F00-906B-C9F207E0501F}.Debug|Any CPU.ActiveCfg = Debug|Any CPU
		{F1C99817-62BD-4F00-906B-C9F207E0501F}.Debug|Any CPU.Build.0 = Debug|Any CPU
		{F1C99817-62BD-4F00-906B-C9F207E0501F}.Release|Any CPU.ActiveCfg = Release|Any CPU
		{F1C99817-62BD-4F00-906B-C9F207E0501F}.Release|Any CPU.Build.0 = Release|Any CPU
		{4CE0FAAD-41CC-4AF9-B31F-FA27FAEC262D}.Debug|Any CPU.ActiveCfg = Debug|Any CPU
		{4CE0FAAD-41CC-4AF9-B31F-FA27FAEC262D}.Debug|Any CPU.Build.0 = Debug|Any CPU
		{4CE0FAAD-41CC-4AF9-B31F-FA27FAEC262D}.Release|Any CPU.ActiveCfg = Release|Any CPU
		{4CE0FAAD-41CC-4AF9-B31F-FA27FAEC262D}.Release|Any CPU.Build.0 = Release|Any CPU
	EndGlobalSection
	GlobalSection(SolutionProperties) = preSolution
		HideSolutionNode = FALSE
	EndGlobalSection
	GlobalSection(NestedProjects) = preSolution
		{F1C99817-62BD-4F00-906B-C9F207E0501F} = {357EC6AF-1ABE-4C58-8837-45764863B119}
		{4CE0FAAD-41CC-4AF9-B31F-FA27FAEC262D} = {357EC6AF-1ABE-4C58-8837-45764863B119}
	EndGlobalSection
	GlobalSection(ExtensibilityGlobals) = postSolution
		SolutionGuid = {43EE1AC7-6341-4FF3-BD23-E2ADFB39A284}
	EndGlobalSection
EndGlobal
